
Microsoft Visual Studio Solution File, Format Version 11.00
# Visual C++ Express 2010
Project("{8BC9CEB8-8B4A-11D0-8D11-00A0C91BC942}") = "Image", "Image.vcxproj", "{7B2E801C-A776-4168-92A8-B3AC0CD70B03}"
EndProject
Global
	GlobalSection(SolutionConfigurationPlatforms) = preSolution
		Debug|Win32 = Debug|Win32
		Release|Win32 = Release|Win32
	EndGlobalSection
	GlobalSection(ProjectConfigurationPlatforms) = postSolution
		{7B2E801C-A776-4168-92A8-B3AC0CD70B03}.Debug|Win32.ActiveCfg = Debug|Win32
		{7B2E801C-A776-4168-92A8-B3AC0CD70B03}.Debug|Win32.Build.0 = Debug|Win32
		{7B2E801C-A776-4168-92A8-B3AC0CD70B03}.Release|Win32.ActiveCfg = Release|Win32
		{7B2E801C-A776-4168-92A8-B3AC0CD70B03}.Release|Win32.Build.0 = Release|Win32
	EndGlobalSection
	GlobalSection(SolutionProperties) = preSolution
		HideSolutionNode = FALSE
	EndGlobalSection
EndGlobal
