
Microsoft Visual Studio Solution File, Format Version 12.00
# Visual Studio 14
VisualStudioVersion = 14.0.23107.0
MinimumVisualStudioVersion = 10.0.40219.1
Project("{8BC9CEB8-8B4A-11D0-8D11-00A0C91BC942}") = "Bindings", "Bindings.vcxproj", "{FD345F03-DA10-4146-8D41-4B3658C8954A}"
EndProject
Project("{8BC9CEB8-8B4A-11D0-8D11-00A0C91BC942}") = "Country", "Country.vcxproj", "{F4751898-6E0A-466F-AA6B-957B40A4D97B}"
EndProject
Project("{8BC9CEB8-8B4A-11D0-8D11-00A0C91BC942}") = "F2M", "F2M.vcxproj", "{936D383F-5923-4236-BA37-93C63BD8B304}"
EndProject
Project("{8BC9CEB8-8B4A-11D0-8D11-00A0C91BC942}") = "GridExample1", "GridExample1.vcxproj", "{9C41183C-82F6-4F6C-BA3D-07712278B88D}"
EndProject
Project("{8BC9CEB8-8B4A-11D0-8D11-00A0C91BC942}") = "GridExample2", "GridExample2.vcxproj", "{69D47A4B-973C-4A56-B4D9-4BA26AE52E83}"
EndProject
Project("{8BC9CEB8-8B4A-11D0-8D11-00A0C91BC942}") = "Hello", "Hello.vcxproj", "{CFEE2E27-652D-4D5D-96A5-F7943FF0396A}"
EndProject
Project("{8BC9CEB8-8B4A-11D0-8D11-00A0C91BC942}") = "Bindings", "ScrollBar.vcxproj", "{A0E5FD55-BE37-4C19-A020-3D58F0221A58}"
EndProject
Project("{8BC9CEB8-8B4A-11D0-8D11-00A0C91BC942}") = "Sketch1", "Sketch1.vcxproj", "{41BE7320-A273-4AC0-B012-B0FE183180EB}"
EndProject
Project("{8BC9CEB8-8B4A-11D0-8D11-00A0C91BC942}") = "Sketch2", "Sketch2.vcxproj", "{811A174A-38E3-4300-AA3C-D5C3726DE1F2}"
EndProject
Project("{8BC9CEB8-8B4A-11D0-8D11-00A0C91BC942}") = "SKetch3", "SKetch3.vcxproj", "{31C0854F-05E4-4C11-9E77-52D15D987076}"
EndProject
Project("{8BC9CEB8-8B4A-11D0-8D11-00A0C91BC942}") = "Sketch4", "Sketch4.vcxproj", "{3F1ABFA7-67A3-4127-B15D-AB4497052F72}"
EndProject
Project("{8BC9CEB8-8B4A-11D0-8D11-00A0C91BC942}") = "StackOrder", "StackOrder.vcxproj", "{50A32B04-8EAE-4362-919A-002D8C136C54}"
EndProject
Global
	GlobalSection(SolutionConfigurationPlatforms) = preSolution
		Debug|x64 = Debug|x64
		Debug|x86 = Debug|x86
		Release|x64 = Release|x64
		Release|x86 = Release|x86
	EndGlobalSection
	GlobalSection(ProjectConfigurationPlatforms) = postSolution
		{FD345F03-DA10-4146-8D41-4B3658C8954A}.Debug|x64.ActiveCfg = Debug|x64
		{FD345F03-DA10-4146-8D41-4B3658C8954A}.Debug|x64.Build.0 = Debug|x64
		{FD345F03-DA10-4146-8D41-4B3658C8954A}.Debug|x86.ActiveCfg = Debug|Win32
		{FD345F03-DA10-4146-8D41-4B3658C8954A}.Debug|x86.Build.0 = Debug|Win32
		{FD345F03-DA10-4146-8D41-4B3658C8954A}.Release|x64.ActiveCfg = Release|x64
		{FD345F03-DA10-4146-8D41-4B3658C8954A}.Release|x64.Build.0 = Release|x64
		{FD345F03-DA10-4146-8D41-4B3658C8954A}.Release|x86.ActiveCfg = Release|Win32
		{FD345F03-DA10-4146-8D41-4B3658C8954A}.Release|x86.Build.0 = Release|Win32
		{F4751898-6E0A-466F-AA6B-957B40A4D97B}.Debug|x64.ActiveCfg = Debug|x64
		{F4751898-6E0A-466F-AA6B-957B40A4D97B}.Debug|x64.Build.0 = Debug|x64
		{F4751898-6E0A-466F-AA6B-957B40A4D97B}.Debug|x86.ActiveCfg = Debug|Win32
		{F4751898-6E0A-466F-AA6B-957B40A4D97B}.Debug|x86.Build.0 = Debug|Win32
		{F4751898-6E0A-466F-AA6B-957B40A4D97B}.Release|x64.ActiveCfg = Release|x64
		{F4751898-6E0A-466F-AA6B-957B40A4D97B}.Release|x64.Build.0 = Release|x64
		{F4751898-6E0A-466F-AA6B-957B40A4D97B}.Release|x86.ActiveCfg = Release|Win32
		{F4751898-6E0A-466F-AA6B-957B40A4D97B}.Release|x86.Build.0 = Release|Win32
		{936D383F-5923-4236-BA37-93C63BD8B304}.Debug|x64.ActiveCfg = Debug|x64
		{936D383F-5923-4236-BA37-93C63BD8B304}.Debug|x64.Build.0 = Debug|x64
		{936D383F-5923-4236-BA37-93C63BD8B304}.Debug|x86.ActiveCfg = Debug|Win32
		{936D383F-5923-4236-BA37-93C63BD8B304}.Debug|x86.Build.0 = Debug|Win32
		{936D383F-5923-4236-BA37-93C63BD8B304}.Release|x64.ActiveCfg = Release|x64
		{936D383F-5923-4236-BA37-93C63BD8B304}.Release|x64.Build.0 = Release|x64
		{936D383F-5923-4236-BA37-93C63BD8B304}.Release|x86.ActiveCfg = Release|Win32
		{936D383F-5923-4236-BA37-93C63BD8B304}.Release|x86.Build.0 = Release|Win32
		{9C41183C-82F6-4F6C-BA3D-07712278B88D}.Debug|x64.ActiveCfg = Debug|x64
		{9C41183C-82F6-4F6C-BA3D-07712278B88D}.Debug|x64.Build.0 = Debug|x64
		{9C41183C-82F6-4F6C-BA3D-07712278B88D}.Debug|x86.ActiveCfg = Debug|Win32
		{9C41183C-82F6-4F6C-BA3D-07712278B88D}.Debug|x86.Build.0 = Debug|Win32
		{9C41183C-82F6-4F6C-BA3D-07712278B88D}.Release|x64.ActiveCfg = Release|x64
		{9C41183C-82F6-4F6C-BA3D-07712278B88D}.Release|x64.Build.0 = Release|x64
		{9C41183C-82F6-4F6C-BA3D-07712278B88D}.Release|x86.ActiveCfg = Release|Win32
		{9C41183C-82F6-4F6C-BA3D-07712278B88D}.Release|x86.Build.0 = Release|Win32
		{69D47A4B-973C-4A56-B4D9-4BA26AE52E83}.Debug|x64.ActiveCfg = Debug|x64
		{69D47A4B-973C-4A56-B4D9-4BA26AE52E83}.Debug|x64.Build.0 = Debug|x64
		{69D47A4B-973C-4A56-B4D9-4BA26AE52E83}.Debug|x86.ActiveCfg = Debug|Win32
		{69D47A4B-973C-4A56-B4D9-4BA26AE52E83}.Debug|x86.Build.0 = Debug|Win32
		{69D47A4B-973C-4A56-B4D9-4BA26AE52E83}.Release|x64.ActiveCfg = Release|x64
		{69D47A4B-973C-4A56-B4D9-4BA26AE52E83}.Release|x64.Build.0 = Release|x64
		{69D47A4B-973C-4A56-B4D9-4BA26AE52E83}.Release|x86.ActiveCfg = Release|Win32
		{69D47A4B-973C-4A56-B4D9-4BA26AE52E83}.Release|x86.Build.0 = Release|Win32
		{CFEE2E27-652D-4D5D-96A5-F7943FF0396A}.Debug|x64.ActiveCfg = Debug|x64
		{CFEE2E27-652D-4D5D-96A5-F7943FF0396A}.Debug|x64.Build.0 = Debug|x64
		{CFEE2E27-652D-4D5D-96A5-F7943FF0396A}.Debug|x86.ActiveCfg = Debug|Win32
		{CFEE2E27-652D-4D5D-96A5-F7943FF0396A}.Debug|x86.Build.0 = Debug|Win32
		{CFEE2E27-652D-4D5D-96A5-F7943FF0396A}.Release|x64.ActiveCfg = Release|x64
		{CFEE2E27-652D-4D5D-96A5-F7943FF0396A}.Release|x64.Build.0 = Release|x64
		{CFEE2E27-652D-4D5D-96A5-F7943FF0396A}.Release|x86.ActiveCfg = Release|Win32
		{CFEE2E27-652D-4D5D-96A5-F7943FF0396A}.Release|x86.Build.0 = Release|Win32
		{41BE7320-A273-4AC0-B012-B0FE183180EB}.Debug|x64.ActiveCfg = Debug|x64
		{41BE7320-A273-4AC0-B012-B0FE183180EB}.Debug|x64.Build.0 = Debug|x64
		{41BE7320-A273-4AC0-B012-B0FE183180EB}.Debug|x86.ActiveCfg = Debug|Win32
		{41BE7320-A273-4AC0-B012-B0FE183180EB}.Debug|x86.Build.0 = Debug|Win32
		{41BE7320-A273-4AC0-B012-B0FE183180EB}.Release|x64.ActiveCfg = Release|x64
		{41BE7320-A273-4AC0-B012-B0FE183180EB}.Release|x64.Build.0 = Release|x64
		{41BE7320-A273-4AC0-B012-B0FE183180EB}.Release|x86.ActiveCfg = Release|Win32
		{41BE7320-A273-4AC0-B012-B0FE183180EB}.Release|x86.Build.0 = Release|Win32
		{811A174A-38E3-4300-AA3C-D5C3726DE1F2}.Debug|x64.ActiveCfg = Debug|x64
		{811A174A-38E3-4300-AA3C-D5C3726DE1F2}.Debug|x64.Build.0 = Debug|x64
		{811A174A-38E3-4300-AA3C-D5C3726DE1F2}.Debug|x86.ActiveCfg = Debug|Win32
		{811A174A-38E3-4300-AA3C-D5C3726DE1F2}.Debug|x86.Build.0 = Debug|Win32
		{811A174A-38E3-4300-AA3C-D5C3726DE1F2}.Release|x64.ActiveCfg = Release|x64
		{811A174A-38E3-4300-AA3C-D5C3726DE1F2}.Release|x64.Build.0 = Release|x64
		{811A174A-38E3-4300-AA3C-D5C3726DE1F2}.Release|x86.ActiveCfg = Release|Win32
		{811A174A-38E3-4300-AA3C-D5C3726DE1F2}.Release|x86.Build.0 = Release|Win32
		{31C0854F-05E4-4C11-9E77-52D15D987076}.Debug|x64.ActiveCfg = Debug|x64
		{31C0854F-05E4-4C11-9E77-52D15D987076}.Debug|x64.Build.0 = Debug|x64
		{31C0854F-05E4-4C11-9E77-52D15D987076}.Debug|x86.ActiveCfg = Debug|Win32
		{31C0854F-05E4-4C11-9E77-52D15D987076}.Debug|x86.Build.0 = Debug|Win32
		{31C0854F-05E4-4C11-9E77-52D15D987076}.Release|x64.ActiveCfg = Release|x64
		{31C0854F-05E4-4C11-9E77-52D15D987076}.Release|x64.Build.0 = Release|x64
		{31C0854F-05E4-4C11-9E77-52D15D987076}.Release|x86.ActiveCfg = Release|Win32
		{31C0854F-05E4-4C11-9E77-52D15D987076}.Release|x86.Build.0 = Release|Win32
		{3F1ABFA7-67A3-4127-B15D-AB4497052F72}.Debug|x64.ActiveCfg = Debug|x64
		{3F1ABFA7-67A3-4127-B15D-AB4497052F72}.Debug|x64.Build.0 = Debug|x64
		{3F1ABFA7-67A3-4127-B15D-AB4497052F72}.Debug|x86.ActiveCfg = Debug|Win32
		{3F1ABFA7-67A3-4127-B15D-AB4497052F72}.Debug|x86.Build.0 = Debug|Win32
		{3F1ABFA7-67A3-4127-B15D-AB4497052F72}.Release|x64.ActiveCfg = Release|x64
		{3F1ABFA7-67A3-4127-B15D-AB4497052F72}.Release|x64.Build.0 = Release|x64
		{3F1ABFA7-67A3-4127-B15D-AB4497052F72}.Release|x86.ActiveCfg = Release|Win32
		{3F1ABFA7-67A3-4127-B15D-AB4497052F72}.Release|x86.Build.0 = Release|Win32
		{50A32B04-8EAE-4362-919A-002D8C136C54}.Debug|x64.ActiveCfg = Debug|x64
		{50A32B04-8EAE-4362-919A-002D8C136C54}.Debug|x64.Build.0 = Debug|x64
		{50A32B04-8EAE-4362-919A-002D8C136C54}.Debug|x86.ActiveCfg = Debug|Win32
		{50A32B04-8EAE-4362-919A-002D8C136C54}.Debug|x86.Build.0 = Debug|Win32
		{50A32B04-8EAE-4362-919A-002D8C136C54}.Release|x64.ActiveCfg = Release|x64
		{50A32B04-8EAE-4362-919A-002D8C136C54}.Release|x64.Build.0 = Release|x64
		{50A32B04-8EAE-4362-919A-002D8C136C54}.Release|x86.ActiveCfg = Release|Win32
		{50A32B04-8EAE-4362-919A-002D8C136C54}.Release|x86.Build.0 = Release|Win32
	EndGlobalSection
	GlobalSection(SolutionProperties) = preSolution
		HideSolutionNode = FALSE
	EndGlobalSection
EndGlobal
